[[package]]
name = "atomicwrites"
version = "1.4.0"
description = "Atomic file writes."
category = "dev"
optional = false
python-versions = ">=2.7, !=3.0.*, !=3.1.*, !=3.2.*, !=3.3.*"

[[package]]
name = "attrs"
version = "21.2.0"
description = "Classes Without Boilerplate"
category = "dev"
optional = false
python-versions = ">=2.7, !=3.0.*, !=3.1.*, !=3.2.*, !=3.3.*, !=3.4.*"

[package.extras]
dev = ["coverage[toml] (>=5.0.2)", "hypothesis", "pympler", "pytest (>=4.3.0)", "six", "mypy", "pytest-mypy-plugins", "zope.interface", "furo", "sphinx", "sphinx-notfound-page", "pre-commit"]
docs = ["furo", "sphinx", "zope.interface", "sphinx-notfound-page"]
tests = ["coverage[toml] (>=5.0.2)", "hypothesis", "pympler", "pytest (>=4.3.0)", "six", "mypy", "pytest-mypy-plugins", "zope.interface"]
tests_no_zope = ["coverage[toml] (>=5.0.2)", "hypothesis", "pympler", "pytest (>=4.3.0)", "six", "mypy", "pytest-mypy-plugins"]

[[package]]
name = "colorama"
version = "0.4.4"
description = "Cross-platform colored terminal text."
category = "dev"
optional = false
python-versions = ">=2.7, !=3.0.*, !=3.1.*, !=3.2.*, !=3.3.*, !=3.4.*"

[[package]]
name = "iniconfig"
version = "1.1.1"
description = "iniconfig: brain-dead simple config-ini parsing"
category = "dev"
optional = false
python-versions = "*"

[[package]]
name = "numpy"
version = "1.20.3"
description = "NumPy is the fundamental package for array computing with Python."
category = "main"
optional = false
python-versions = ">=3.7"

[[package]]
name = "numpy-quaternion"
version = "2021.4.5.14.42.35"
description = "Add a quaternion dtype to NumPy"
category = "main"
optional = false
python-versions = "*"

[package.dependencies]
numpy = ">=1.13"

[package.extras]
docs = ["mkdocs", "mktheapidocs", "pymdown-extensions"]
numba = ["numba (<0.49.0)", "llvmlite (<0.32.0)", "numba"]
scipy = ["scipy"]
testing = ["pytest", "pytest-cov"]

[[package]]
name = "packaging"
version = "20.9"
description = "Core utilities for Python packages"
category = "dev"
optional = false
python-versions = ">=2.7, !=3.0.*, !=3.1.*, !=3.2.*, !=3.3.*"

[package.dependencies]
pyparsing = ">=2.0.2"

[[package]]
name = "pluggy"
version = "0.13.1"
description = "plugin and hook calling mechanisms for python"
category = "dev"
optional = false
python-versions = ">=2.7, !=3.0.*, !=3.1.*, !=3.2.*, !=3.3.*"

[package.extras]
dev = ["pre-commit", "tox"]

[[package]]
name = "py"
version = "1.10.0"
description = "library with cross-python path, ini-parsing, io, code, log facilities"
category = "dev"
optional = false
python-versions = ">=2.7, !=3.0.*, !=3.1.*, !=3.2.*, !=3.3.*"

[[package]]
name = "pyparsing"
version = "2.4.7"
description = "Python parsing module"
category = "dev"
optional = false
python-versions = ">=2.6, !=3.0.*, !=3.1.*, !=3.2.*"

[[package]]
name = "pytest"
version = "6.2.4"
description = "pytest: simple powerful testing with Python"
category = "dev"
optional = false
python-versions = ">=3.6"

[package.dependencies]
atomicwrites = {version = ">=1.0", markers = "sys_platform == \"win32\""}
attrs = ">=19.2.0"
colorama = {version = "*", markers = "sys_platform == \"win32\""}
iniconfig = "*"
packaging = "*"
pluggy = ">=0.12,<1.0.0a1"
py = ">=1.8.2"
toml = "*"

[package.extras]
testing = ["argcomplete", "hypothesis (>=3.56)", "mock", "nose", "requests", "xmlschema"]

[[package]]
name = "toml"
version = "0.10.2"
description = "Python Library for Tom's Obvious, Minimal Language"
category = "dev"
optional = false
python-versions = ">=2.6, !=3.0.*, !=3.1.*, !=3.2.*"

[[package]]
name = "vermin"
version = "1.2.0"
description = "Concurrently detect the minimum Python versions needed to run code"
category = "dev"
optional = false
python-versions = ">=2.7"

[metadata]
lock-version = "1.1"
python-versions = "^3.9"
content-hash = "74573d17294e9ed1c0723d40e85c908c8dc12c2af36b80a9cf0bfc4c30b04577"

[metadata.files]
atomicwrites = [
    {file = "atomicwrites-1.4.0-py2.py3-none-any.whl", hash = "sha256:6d1784dea7c0c8d4a5172b6c620f40b6e4cbfdf96d783691f2e1302a7b88e197"},
    {file = "atomicwrites-1.4.0.tar.gz", hash = "sha256:ae70396ad1a434f9c7046fd2dd196fc04b12f9e91ffb859164193be8b6168a7a"},
]
attrs = [
    {file = "attrs-21.2.0-py2.py3-none-any.whl", hash = "sha256:149e90d6d8ac20db7a955ad60cf0e6881a3f20d37096140088356da6c716b0b1"},
    {file = "attrs-21.2.0.tar.gz", hash = "sha256:ef6aaac3ca6cd92904cdd0d83f629a15f18053ec84e6432106f7a4d04ae4f5fb"},
]
colorama = [
    {file = "colorama-0.4.4-py2.py3-none-any.whl", hash = "sha256:9f47eda37229f68eee03b24b9748937c7dc3868f906e8ba69fbcbdd3bc5dc3e2"},
    {file = "colorama-0.4.4.tar.gz", hash = "sha256:5941b2b48a20143d2267e95b1c2a7603ce057ee39fd88e7329b0c292aa16869b"},
]
iniconfig = [
    {file = "iniconfig-1.1.1-py2.py3-none-any.whl", hash = "sha256:011e24c64b7f47f6ebd835bb12a743f2fbe9a26d4cecaa7f53bc4f35ee9da8b3"},
    {file = "iniconfig-1.1.1.tar.gz", hash = "sha256:bc3af051d7d14b2ee5ef9969666def0cd1a000e121eaea580d4a313df4b37f32"},
]
numpy = [
    {file = "numpy-1.20.3-cp37-cp37m-macosx_10_9_x86_64.whl", hash = "sha256:70eb5808127284c4e5c9e836208e09d685a7978b6a216db85960b1a112eeace8"},
    {file = "numpy-1.20.3-cp37-cp37m-manylinux_2_12_i686.manylinux2010_i686.whl", hash = "sha256:6ca2b85a5997dabc38301a22ee43c82adcb53ff660b89ee88dded6b33687e1d8"},
    {file = "numpy-1.20.3-cp37-cp37m-manylinux_2_12_x86_64.manylinux2010_x86_64.whl", hash = "sha256:c5bf0e132acf7557fc9bb8ded8b53bbbbea8892f3c9a1738205878ca9434206a"},
    {file = "numpy-1.20.3-cp37-cp37m-manylinux_2_17_aarch64.manylinux2014_aarch64.whl", hash = "sha256:db250fd3e90117e0312b611574cd1b3f78bec046783195075cbd7ba9c3d73f16"},
    {file = "numpy-1.20.3-cp37-cp37m-manylinux_2_5_i686.manylinux1_i686.whl", hash = "sha256:637d827248f447e63585ca3f4a7d2dfaa882e094df6cfa177cc9cf9cd6cdf6d2"},
    {file = "numpy-1.20.3-cp37-cp37m-manylinux_2_5_x86_64.manylinux1_x86_64.whl", hash = "sha256:8b7bb4b9280da3b2856cb1fc425932f46fba609819ee1c62256f61799e6a51d2"},
    {file = "numpy-1.20.3-cp37-cp37m-win32.whl", hash = "sha256:67d44acb72c31a97a3d5d33d103ab06d8ac20770e1c5ad81bdb3f0c086a56cf6"},
    {file = "numpy-1.20.3-cp37-cp37m-win_amd64.whl", hash = "sha256:43909c8bb289c382170e0282158a38cf306a8ad2ff6dfadc447e90f9961bef43"},
    {file = "numpy-1.20.3-cp38-cp38-macosx_10_9_x86_64.whl", hash = "sha256:f1452578d0516283c87608a5a5548b0cdde15b99650efdfd85182102ef7a7c17"},
    {file = "numpy-1.20.3-cp38-cp38-manylinux_2_12_i686.manylinux2010_i686.whl", hash = "sha256:6e51534e78d14b4a009a062641f465cfaba4fdcb046c3ac0b1f61dd97c861b1b"},
    {file = "numpy-1.20.3-cp38-cp38-manylinux_2_12_x86_64.manylinux2010_x86_64.whl", hash = "sha256:e515c9a93aebe27166ec9593411c58494fa98e5fcc219e47260d9ab8a1cc7f9f"},
    {file = "numpy-1.20.3-cp38-cp38-manylinux_2_17_aarch64.manylinux2014_aarch64.whl", hash = "sha256:c1c09247ccea742525bdb5f4b5ceeacb34f95731647fe55774aa36557dbb5fa4"},
    {file = "numpy-1.20.3-cp38-cp38-manylinux_2_5_i686.manylinux1_i686.whl", hash = "sha256:66fbc6fed94a13b9801fb70b96ff30605ab0a123e775a5e7a26938b717c5d71a"},
    {file = "numpy-1.20.3-cp38-cp38-manylinux_2_5_x86_64.manylinux1_x86_64.whl", hash = "sha256:ea9cff01e75a956dbee133fa8e5b68f2f92175233de2f88de3a682dd94deda65"},
    {file = "numpy-1.20.3-cp38-cp38-win32.whl", hash = "sha256:f39a995e47cb8649673cfa0579fbdd1cdd33ea497d1728a6cb194d6252268e48"},
    {file = "numpy-1.20.3-cp38-cp38-win_amd64.whl", hash = "sha256:1676b0a292dd3c99e49305a16d7a9f42a4ab60ec522eac0d3dd20cdf362ac010"},
    {file = "numpy-1.20.3-cp39-cp39-macosx_10_9_x86_64.whl", hash = "sha256:830b044f4e64a76ba71448fce6e604c0fc47a0e54d8f6467be23749ac2cbd2fb"},
    {file = "numpy-1.20.3-cp39-cp39-manylinux_2_12_i686.manylinux2010_i686.whl", hash = "sha256:55b745fca0a5ab738647d0e4db099bd0a23279c32b31a783ad2ccea729e632df"},
    {file = "numpy-1.20.3-cp39-cp39-manylinux_2_12_x86_64.manylinux2010_x86_64.whl", hash = "sha256:5d050e1e4bc9ddb8656d7b4f414557720ddcca23a5b88dd7cff65e847864c400"},
    {file = "numpy-1.20.3-cp39-cp39-manylinux_2_17_aarch64.manylinux2014_aarch64.whl", hash = "sha256:a9c65473ebc342715cb2d7926ff1e202c26376c0dcaaee85a1fd4b8d8c1d3b2f"},
    {file = "numpy-1.20.3-cp39-cp39-win32.whl", hash = "sha256:16f221035e8bd19b9dc9a57159e38d2dd060b48e93e1d843c49cb370b0f415fd"},
    {file = "numpy-1.20.3-cp39-cp39-win_amd64.whl", hash = "sha256:6690080810f77485667bfbff4f69d717c3be25e5b11bb2073e76bb3f578d99b4"},
    {file = "numpy-1.20.3-pp37-pypy37_pp73-manylinux_2_12_x86_64.manylinux2010_x86_64.whl", hash = "sha256:4e465afc3b96dbc80cf4a5273e5e2b1e3451286361b4af70ce1adb2984d392f9"},
    {file = "numpy-1.20.3.zip", hash = "sha256:e55185e51b18d788e49fe8305fd73ef4470596b33fc2c1ceb304566b99c71a69"},
]
numpy-quaternion = [
    {file = "numpy-quaternion-2021.4.5.14.42.35.tar.gz", hash = "sha256:a9571532cc16c433e8a532ebcb18e802a9c4d52c30356be2b13fb27f6655905f"},
    {file = "numpy_quaternion-2021.4.5.14.42.35-cp36-cp36m-macosx_10_9_x86_64.whl", hash = "sha256:6cc3031547b5083457ea4db951ed4a1c4b3e44d6af47a7583fecd168c290de43"},
    {file = "numpy_quaternion-2021.4.5.14.42.35-cp36-cp36m-manylinux1_i686.whl", hash = "sha256:9e99b362126a3bed4cdc3da7c3727e0a9e25ff8b13b66bae30e0f72423c5ad84"},
    {file = "numpy_quaternion-2021.4.5.14.42.35-cp36-cp36m-manylinux1_x86_64.whl", hash = "sha256:aeba4f1159ce93fff82dca6d1d15b405f8bb5816e123f3f669db767f534bbb07"},
    {file = "numpy_quaternion-2021.4.5.14.42.35-cp36-cp36m-manylinux2010_i686.whl", hash = "sha256:ce7f70675a88f1079a9ae7d4a2943d87ea50c9eec3a832be91740d2d2bd62dba"},
    {file = "numpy_quaternion-2021.4.5.14.42.35-cp36-cp36m-manylinux2010_x86_64.whl", hash = "sha256:b86d2aa462c7ee22d53e7b743be8d555f96d130fe362ce839fdb485543a9627a"},
    {file = "numpy_quaternion-2021.4.5.14.42.35-cp36-cp36m-win32.whl", hash = "sha256:1a9293187460258d49dcbf273d0eb124712da62e3d6855f419d03ed85af81b45"},
    {file = "numpy_quaternion-2021.4.5.14.42.35-cp36-cp36m-win_amd64.whl", hash = "sha256:b4285b73c820bade48dd1189cfcd9d17be228ad2b70681c416f1b2101fe577f8"},
    {file = "numpy_quaternion-2021.4.5.14.42.35-cp37-cp37m-macosx_10_9_x86_64.whl", hash = "sha256:b56f7dd262e51773e1ea96a647efa94cddf1133a259f0d3fe9b7c34386732e5f"},
    {file = "numpy_quaternion-2021.4.5.14.42.35-cp37-cp37m-manylinux1_i686.whl", hash = "sha256:b2ef279aebe6e23f58c6daf30c29689fb53a85163de7ae40404b5e58071c93b0"},
    {file = "numpy_quaternion-2021.4.5.14.42.35-cp37-cp37m-manylinux1_x86_64.whl", hash = "sha256:05e3d42058c725079e004e245590952e1d2064a51e57ca8b73d4b075fcac5297"},
    {file = "numpy_quaternion-2021.4.5.14.42.35-cp37-cp37m-manylinux2010_i686.whl", hash = "sha256:94943b2ba37011c594cf2b4c2117f53e2b81e425b9d755616807311ba89e6eba"},
    {file = "numpy_quaternion-2021.4.5.14.42.35-cp37-cp37m-manylinux2010_x86_64.whl", hash = "sha256:dee09f850689ec9c5c25e1d1a532d9477660430b58e8f532249c8e51e6365933"},
    {file = "numpy_quaternion-2021.4.5.14.42.35-cp37-cp37m-win32.whl", hash = "sha256:8743aacfe19423a0547004975f28b985ec2f5211154be14644d29eb4713197b1"},
    {file = "numpy_quaternion-2021.4.5.14.42.35-cp37-cp37m-win_amd64.whl", hash = "sha256:750c0251d1f32b8ee142bdf148ea748c549c282bd13ef3bdb8425508894f6b42"},
    {file = "numpy_quaternion-2021.4.5.14.42.35-cp38-cp38-macosx_10_9_x86_64.whl", hash = "sha256:f24aa0cda6437cee8c84d06009a403a4a3567c22d9f87d26c0d9982d7e3b5320"},
    {file = "numpy_quaternion-2021.4.5.14.42.35-cp38-cp38-manylinux1_i686.whl", hash = "sha256:672acf0c4550ec638c74d43de92aee801a02825caf9dc0f1226863cac4668ae2"},
    {file = "numpy_quaternion-2021.4.5.14.42.35-cp38-cp38-manylinux1_x86_64.whl", hash = "sha256:6e28dab12fb468a5ad147c25ba7a90d90a62d0845662f53db4c3deba0d3d1088"},
    {file = "numpy_quaternion-2021.4.5.14.42.35-cp38-cp38-manylinux2010_i686.whl", hash = "sha256:ed7fc0dd536d212382650b5d23c1510ddaeaed53f719e4470fc501aaf8cd81a5"},
    {file = "numpy_quaternion-2021.4.5.14.42.35-cp38-cp38-manylinux2010_x86_64.whl", hash = "sha256:4e9acc1055fd3f459287774f4e0f21f512355a3b4e6f5e0ddb041b1eebf4a7c9"},
    {file = "numpy_quaternion-2021.4.5.14.42.35-cp38-cp38-win32.whl", hash = "sha256:5c2e5073af6ae5b9e9f74d537338ee746b5dcb8d55bf8ef9574b6e7e7b2831d2"},
    {file = "numpy_quaternion-2021.4.5.14.42.35-cp38-cp38-win_amd64.whl", hash = "sha256:e9a0fc2055203139aa238931d49e8f0d1d339612c654f6317cbcd3e61992448f"},
    {file = "numpy_quaternion-2021.4.5.14.42.35-cp39-cp39-macosx_10_9_x86_64.whl", hash = "sha256:0eaef8d8eaf6594fc2ea0ac65d6da4c599a57023dd1924b84b62992555594b9d"},
    {file = "numpy_quaternion-2021.4.5.14.42.35-cp39-cp39-manylinux1_i686.whl", hash = "sha256:8798203bf4b7bb0da7a4b54a6c48a58128fd7964f5369cfdbcae92ef05a4d6bc"},
    {file = "numpy_quaternion-2021.4.5.14.42.35-cp39-cp39-manylinux1_x86_64.whl", hash = "sha256:2b703c09c7ac8f7d96309dc95aaa7885282268e42ef1e2f62b45771bcf9679c9"},
    {file = "numpy_quaternion-2021.4.5.14.42.35-cp39-cp39-manylinux2010_i686.whl", hash = "sha256:b503771e3eca43c959fbaa0457b0df4b50c12e04d69784076b6410e9125df7d8"},
    {file = "numpy_quaternion-2021.4.5.14.42.35-cp39-cp39-manylinux2010_x86_64.whl", hash = "sha256:44c48ee7ea120fe724a48e2029feabc23e7c8508ca1c20f87b327a041fe12eca"},
    {file = "numpy_quaternion-2021.4.5.14.42.35-cp39-cp39-win32.whl", hash = "sha256:7bd02f8445dcd21c05f6d2db7c0faa9494def35673f29d5a37ab9a1d3fdd0144"},
    {file = "numpy_quaternion-2021.4.5.14.42.35-cp39-cp39-win_amd64.whl", hash = "sha256:5aab622b5ac62f5ea1b92a70eaaac73cfda3ded8f200600c121b45356d69066b"},
]
packaging = [
    {file = "packaging-20.9-py2.py3-none-any.whl", hash = "sha256:67714da7f7bc052e064859c05c595155bd1ee9f69f76557e21f051443c20947a"},
    {file = "packaging-20.9.tar.gz", hash = "sha256:5b327ac1320dc863dca72f4514ecc086f31186744b84a230374cc1fd776feae5"},
]
pluggy = [
    {file = "pluggy-0.13.1-py2.py3-none-any.whl", hash = "sha256:966c145cd83c96502c3c3868f50408687b38434af77734af1e9ca461a4081d2d"},
    {file = "pluggy-0.13.1.tar.gz", hash = "sha256:15b2acde666561e1298d71b523007ed7364de07029219b604cf808bfa1c765b0"},
]
py = [
    {file = "py-1.10.0-py2.py3-none-any.whl", hash = "sha256:3b80836aa6d1feeaa108e046da6423ab8f6ceda6468545ae8d02d9d58d18818a"},
    {file = "py-1.10.0.tar.gz", hash = "sha256:21b81bda15b66ef5e1a777a21c4dcd9c20ad3efd0b3f817e7a809035269e1bd3"},
]
pyparsing = [
    {file = "pyparsing-2.4.7-py2.py3-none-any.whl", hash = "sha256:ef9d7589ef3c200abe66653d3f1ab1033c3c419ae9b9bdb1240a85b024efc88b"},
    {file = "pyparsing-2.4.7.tar.gz", hash = "sha256:c203ec8783bf771a155b207279b9bccb8dea02d8f0c9e5f8ead507bc3246ecc1"},
]
pytest = [
    {file = "pytest-6.2.4-py3-none-any.whl", hash = "sha256:91ef2131a9bd6be8f76f1f08eac5c5317221d6ad1e143ae03894b862e8976890"},
    {file = "pytest-6.2.4.tar.gz", hash = "sha256:50bcad0a0b9c5a72c8e4e7c9855a3ad496ca6a881a3641b4260605450772c54b"},
]
toml = [
    {file = "toml-0.10.2-py2.py3-none-any.whl", hash = "sha256:806143ae5bfb6a3c6e736a764057db0e6a0e05e338b5630894a5f779cabb4f9b"},
    {file = "toml-0.10.2.tar.gz", hash = "sha256:b3bda1d108d5dd99f4a20d24d9c348e91c4db7ab1b749200bded2f839ccbe68f"},
]
vermin = [
    {file = "vermin-1.2.0-py2.py3-none-any.whl", hash = "sha256:f014273dca89e0a9bb8c6bc79cd616c67fc4f0957232ed1a979dfd66e4ec53f4"},
]
